// !$*UTF8*$!
{
	archiveVersion = 1;
	classes = {
	};
	objectVersion = 48;
	objects = {

/* Begin PBXBuildFile section */
		336630326C3DE4A077B40991 /* Pods_FirebaseChatTests.framework in Frameworks */ = {isa = PBXBuildFile; fileRef = 72357798227A4457199E5A78 /* Pods_FirebaseChatTests.framework */; };
		9ABDD95A411754B88E787AF8 /* Pods_FirebaseChatUITests.framework in Frameworks */ = {isa = PBXBuildFile; fileRef = A0AD534C3017DB3E1A672447 /* Pods_FirebaseChatUITests.framework */; };
		D4C0769FE2861070F56FBB83 /* Pods_FirebaseChat.framework in Frameworks */ = {isa = PBXBuildFile; fileRef = B51C40E1592BAE73BD445DCD /* Pods_FirebaseChat.framework */; };
		F44A99D61FFF061D003945F7 /* AppDelegate.swift in Sources */ = {isa = PBXBuildFile; fileRef = F44A99D51FFF061D003945F7 /* AppDelegate.swift */; };
		F44A99D81FFF061D003945F7 /* ViewController.swift in Sources */ = {isa = PBXBuildFile; fileRef = F44A99D71FFF061D003945F7 /* ViewController.swift */; };
		F44A99DB1FFF061D003945F7 /* Main.storyboard in Resources */ = {isa = PBXBuildFile; fileRef = F44A99D91FFF061D003945F7 /* Main.storyboard */; };
		F44A99DD1FFF061D003945F7 /* Assets.xcassets in Resources */ = {isa = PBXBuildFile; fileRef = F44A99DC1FFF061D003945F7 /* Assets.xcassets */; };
		F44A99E01FFF061D003945F7 /* LaunchScreen.storyboard in Resources */ = {isa = PBXBuildFile; fileRef = F44A99DE1FFF061D003945F7 /* LaunchScreen.storyboard */; };
		F44A99EB1FFF061E003945F7 /* FirebaseChatTests.swift in Sources */ = {isa = PBXBuildFile; fileRef = F44A99EA1FFF061E003945F7 /* FirebaseChatTests.swift */; };
		F44A99F61FFF061E003945F7 /* FirebaseChatUITests.swift in Sources */ = {isa = PBXBuildFile; fileRef = F44A99F51FFF061E003945F7 /* FirebaseChatUITests.swift */; };
/* End PBXBuildFile section */

/* Begin PBXContainerItemProxy section */
		F44A99E71FFF061E003945F7 /* PBXContainerItemProxy */ = {
			isa = PBXContainerItemProxy;
			containerPortal = F44A99CA1FFF061D003945F7 /* Project object */;
			proxyType = 1;
			remoteGlobalIDString = F44A99D11FFF061D003945F7;
			remoteInfo = FirebaseChat;
		};
		F44A99F21FFF061E003945F7 /* PBXContainerItemProxy */ = {
			isa = PBXContainerItemProxy;
			containerPortal = F44A99CA1FFF061D003945F7 /* Project object */;
			proxyType = 1;
			remoteGlobalIDString = F44A99D11FFF061D003945F7;
			remoteInfo = FirebaseChat;
		};
/* End PBXContainerItemProxy section */

/* Begin PBXFileReference section */
		26D8881B9D3816FC80F49523 /* Pods-FirebaseChatTests.debug.xcconfig */ = {isa = PBXFileReference; includeInIndex = 1; lastKnownFileType = text.xcconfig; name = "Pods-FirebaseChatTests.debug.xcconfig"; path = "Pods/Target Support Files/Pods-FirebaseChatTests/Pods-FirebaseChatTests.debug.xcconfig"; sourceTree = "<group>"; };
		3FCD830057E58B97F1B90266 /* Pods-FirebaseChat.release.xcconfig */ = {isa = PBXFileReference; includeInIndex = 1; lastKnownFileType = text.xcconfig; name = "Pods-FirebaseChat.release.xcconfig"; path = "Pods/Target Support Files/Pods-FirebaseChat/Pods-FirebaseChat.release.xcconfig"; sourceTree = "<group>"; };
		4BC6FE6830B3CC4AA0DBE533 /* Pods-FirebaseChatUITests.release.xcconfig */ = {isa = PBXFileReference; includeInIndex = 1; lastKnownFileType = text.xcconfig; name = "Pods-FirebaseChatUITests.release.xcconfig"; path = "Pods/Target Support Files/Pods-FirebaseChatUITests/Pods-FirebaseChatUITests.release.xcconfig"; sourceTree = "<group>"; };
		69BEFD218370BC08B73BCF05 /* Pods-FirebaseChatUITests.debug.xcconfig */ = {isa = PBXFileReference; includeInIndex = 1; lastKnownFileType = text.xcconfig; name = "Pods-FirebaseChatUITests.debug.xcconfig"; path = "Pods/Target Support Files/Pods-FirebaseChatUITests/Pods-FirebaseChatUITests.debug.xcconfig"; sourceTree = "<group>"; };
		72357798227A4457199E5A78 /* Pods_FirebaseChatTests.framework */ = {isa = PBXFileReference; explicitFileType = wrapper.framework; includeInIndex = 0; path = Pods_FirebaseChatTests.framework; sourceTree = BUILT_PRODUCTS_DIR; };
		78F569C9447FA96045567D68 /* Pods-FirebaseChatTests.release.xcconfig */ = {isa = PBXFileReference; includeInIndex = 1; lastKnownFileType = text.xcconfig; name = "Pods-FirebaseChatTests.release.xcconfig"; path = "Pods/Target Support Files/Pods-FirebaseChatTests/Pods-FirebaseChatTests.release.xcconfig"; sourceTree = "<group>"; };
		A0AD534C3017DB3E1A672447 /* Pods_FirebaseChatUITests.framework */ = {isa = PBXFileReference; explicitFileType = wrapper.framework; includeInIndex = 0; path = Pods_FirebaseChatUITests.framework; sourceTree = BUILT_PRODUCTS_DIR; };
		A29EF6636A0EDB1BB4AA69FC /* Pods-FirebaseChat.debug.xcconfig */ = {isa = PBXFileReference; includeInIndex = 1; lastKnownFileType = text.xcconfig; name = "Pods-FirebaseChat.debug.xcconfig"; path = "Pods/Target Support Files/Pods-FirebaseChat/Pods-FirebaseChat.debug.xcconfig"; sourceTree = "<group>"; };
		B51C40E1592BAE73BD445DCD /* Pods_FirebaseChat.framework */ = {isa = PBXFileReference; explicitFileType = wrapper.framework; includeInIndex = 0; path = Pods_FirebaseChat.framework; sourceTree = BUILT_PRODUCTS_DIR; };
		F44A99D21FFF061D003945F7 /* FirebaseChat.app */ = {isa = PBXFileReference; explicitFileType = wrapper.application; includeInIndex = 0; path = FirebaseChat.app; sourceTree = BUILT_PRODUCTS_DIR; };
		F44A99D51FFF061D003945F7 /* AppDelegate.swift */ = {isa = PBXFileReference; lastKnownFileType = sourcecode.swift; path = AppDelegate.swift; sourceTree = "<group>"; };
		F44A99D71FFF061D003945F7 /* ViewController.swift */ = {isa = PBXFileReference; lastKnownFileType = sourcecode.swift; path = ViewController.swift; sourceTree = "<group>"; };
		F44A99DA1FFF061D003945F7 /* Base */ = {isa = PBXFileReference; lastKnownFileType = file.storyboard; name = Base; path = Base.lproj/Main.storyboard; sourceTree = "<group>"; };
		F44A99DC1FFF061D003945F7 /* Assets.xcassets */ = {isa = PBXFileReference; lastKnownFileType = folder.assetcatalog; path = Assets.xcassets; sourceTree = "<group>"; };
		F44A99DF1FFF061D003945F7 /* Base */ = {isa = PBXFileReference; lastKnownFileType = file.storyboard; name = Base; path = Base.lproj/LaunchScreen.storyboard; sourceTree = "<group>"; };
		F44A99E11FFF061D003945F7 /* Info.plist */ = {isa = PBXFileReference; lastKnownFileType = text.plist.xml; path = Info.plist; sourceTree = "<group>"; };
		F44A99E61FFF061E003945F7 /* FirebaseChatTests.xctest */ = {isa = PBXFileReference; explicitFileType = wrapper.cfbundle; includeInIndex = 0; path = FirebaseChatTests.xctest; sourceTree = BUILT_PRODUCTS_DIR; };
		F44A99EA1FFF061E003945F7 /* FirebaseChatTests.swift */ = {isa = PBXFileReference; lastKnownFileType = sourcecode.swift; path = FirebaseChatTests.swift; sourceTree = "<group>"; };
		F44A99EC1FFF061E003945F7 /* Info.plist */ = {isa = PBXFileReference; lastKnownFileType = text.plist.xml; path = Info.plist; sourceTree = "<group>"; };
		F44A99F11FFF061E003945F7 /* FirebaseChatUITests.xctest */ = {isa = PBXFileReference; explicitFileType = wrapper.cfbundle; includeInIndex = 0; path = FirebaseChatUITests.xctest; sourceTree = BUILT_PRODUCTS_DIR; };
		F44A99F51FFF061E003945F7 /* FirebaseChatUITests.swift */ = {isa = PBXFileReference; lastKnownFileType = sourcecode.swift; path = FirebaseChatUITests.swift; sourceTree = "<group>"; };
		F44A99F71FFF061E003945F7 /* Info.plist */ = {isa = PBXFileReference; lastKnownFileType = text.plist.xml; path = Info.plist; sourceTree = "<group>"; };
/* End PBXFileReference section */

/* Begin PBXFrameworksBuildPhase section */
		F44A99CF1FFF061D003945F7 /* Frameworks */ = {
			isa = PBXFrameworksBuildPhase;
			buildActionMask = 2147483647;
			files = (
				D4C0769FE2861070F56FBB83 /* Pods_FirebaseChat.framework in Frameworks */,
			);
			runOnlyForDeploymentPostprocessing = 0;
		};
		F44A99E31FFF061E003945F7 /* Frameworks */ = {
			isa = PBXFrameworksBuildPhase;
			buildActionMask = 2147483647;
			files = (
				336630326C3DE4A077B40991 /* Pods_FirebaseChatTests.framework in Frameworks */,
			);
			runOnlyForDeploymentPostprocessing = 0;
		};
		F44A99EE1FFF061E003945F7 /* Frameworks */ = {
			isa = PBXFrameworksBuildPhase;
			buildActionMask = 2147483647;
			files = (
				9ABDD95A411754B88E787AF8 /* Pods_FirebaseChatUITests.framework in Frameworks */,
			);
			runOnlyForDeploymentPostprocessing = 0;
		};
/* End PBXFrameworksBuildPhase section */

/* Begin PBXGroup section */
		81C0583F407875284A279362 /* Pods */ = {
			isa = PBXGroup;
			children = (
				A29EF6636A0EDB1BB4AA69FC /* Pods-FirebaseChat.debug.xcconfig */,
				3FCD830057E58B97F1B90266 /* Pods-FirebaseChat.release.xcconfig */,
				26D8881B9D3816FC80F49523 /* Pods-FirebaseChatTests.debug.xcconfig */,
				78F569C9447FA96045567D68 /* Pods-FirebaseChatTests.release.xcconfig */,
				69BEFD218370BC08B73BCF05 /* Pods-FirebaseChatUITests.debug.xcconfig */,
				4BC6FE6830B3CC4AA0DBE533 /* Pods-FirebaseChatUITests.release.xcconfig */,
			);
			name = Pods;
			sourceTree = "<group>";
		};
		9D00F7C0B502DAC2BCC4E913 /* Frameworks */ = {
			isa = PBXGroup;
			children = (
				B51C40E1592BAE73BD445DCD /* Pods_FirebaseChat.framework */,
				72357798227A4457199E5A78 /* Pods_FirebaseChatTests.framework */,
				A0AD534C3017DB3E1A672447 /* Pods_FirebaseChatUITests.framework */,
			);
			name = Frameworks;
			sourceTree = "<group>";
		};
		F44A99C91FFF061D003945F7 = {
			isa = PBXGroup;
			children = (
				F44A99D41FFF061D003945F7 /* FirebaseChat */,
				F44A99E91FFF061E003945F7 /* FirebaseChatTests */,
				F44A99F41FFF061E003945F7 /* FirebaseChatUITests */,
				F44A99D31FFF061D003945F7 /* Products */,
				81C0583F407875284A279362 /* Pods */,
				9D00F7C0B502DAC2BCC4E913 /* Frameworks */,
			);
			sourceTree = "<group>";
		};
		F44A99D31FFF061D003945F7 /* Products */ = {
			isa = PBXGroup;
			children = (
				F44A99D21FFF061D003945F7 /* FirebaseChat.app */,
				F44A99E61FFF061E003945F7 /* FirebaseChatTests.xctest */,
				F44A99F11FFF061E003945F7 /* FirebaseChatUITests.xctest */,
			);
			name = Products;
			sourceTree = "<group>";
		};
		F44A99D41FFF061D003945F7 /* FirebaseChat */ = {
			isa = PBXGroup;
			children = (
				F44A99D51FFF061D003945F7 /* AppDelegate.swift */,
				F44A99D71FFF061D003945F7 /* ViewController.swift */,
				F44A99D91FFF061D003945F7 /* Main.storyboard */,
				F44A99DC1FFF061D003945F7 /* Assets.xcassets */,
				F44A99DE1FFF061D003945F7 /* LaunchScreen.storyboard */,
				F44A99E11FFF061D003945F7 /* Info.plist */,
			);
			path = FirebaseChat;
			sourceTree = "<group>";
		};
		F44A99E91FFF061E003945F7 /* FirebaseChatTests */ = {
			isa = PBXGroup;
			children = (
				F44A99EA1FFF061E003945F7 /* FirebaseChatTests.swift */,
				F44A99EC1FFF061E003945F7 /* Info.plist */,
			);
			path = FirebaseChatTests;
			sourceTree = "<group>";
		};
		F44A99F41FFF061E003945F7 /* FirebaseChatUITests */ = {
			isa = PBXGroup;
			children = (
				F44A99F51FFF061E003945F7 /* FirebaseChatUITests.swift */,
				F44A99F71FFF061E003945F7 /* Info.plist */,
			);
			path = FirebaseChatUITests;
			sourceTree = "<group>";
		};
/* End PBXGroup section */

/* Begin PBXNativeTarget section */
		F44A99D11FFF061D003945F7 /* FirebaseChat */ = {
			isa = PBXNativeTarget;
			buildConfigurationList = F44A99FA1FFF061E003945F7 /* Build configuration list for PBXNativeTarget "FirebaseChat" */;
			buildPhases = (
				78C2319E92CA094E65645773 /* [CP] Check Pods Manifest.lock */,
				F44A99CE1FFF061D003945F7 /* Sources */,
				F44A99CF1FFF061D003945F7 /* Frameworks */,
				F44A99D01FFF061D003945F7 /* Resources */,
				71BF5BF01244F80DC91D52A1 /* [CP] Embed Pods Frameworks */,
				336762A365700483E074F128 /* [CP] Copy Pods Resources */,
			);
			buildRules = (
			);
			dependencies = (
			);
			name = FirebaseChat;
			productName = FirebaseChat;
			productReference = F44A99D21FFF061D003945F7 /* FirebaseChat.app */;
			productType = "com.apple.product-type.application";
		};
		F44A99E51FFF061E003945F7 /* FirebaseChatTests */ = {
			isa = PBXNativeTarget;
			buildConfigurationList = F44A99FD1FFF061E003945F7 /* Build configuration list for PBXNativeTarget "FirebaseChatTests" */;
			buildPhases = (
				67EDEFDC72C1E2C2B57DDFFD /* [CP] Check Pods Manifest.lock */,
				F44A99E21FFF061E003945F7 /* Sources */,
				F44A99E31FFF061E003945F7 /* Frameworks */,
				F44A99E41FFF061E003945F7 /* Resources */,
				3B49EA7CBA010213B6C3B137 /* [CP] Embed Pods Frameworks */,
				95C8C8472BD86C0074EA2395 /* [CP] Copy Pods Resources */,
			);
			buildRules = (
			);
			dependencies = (
				F44A99E81FFF061E003945F7 /* PBXTargetDependency */,
			);
			name = FirebaseChatTests;
			productName = FirebaseChatTests;
			productReference = F44A99E61FFF061E003945F7 /* FirebaseChatTests.xctest */;
			productType = "com.apple.product-type.bundle.unit-test";
		};
		F44A99F01FFF061E003945F7 /* FirebaseChatUITests */ = {
			isa = PBXNativeTarget;
			buildConfigurationList = F44A9A001FFF061E003945F7 /* Build configuration list for PBXNativeTarget "FirebaseChatUITests" */;
			buildPhases = (
				32A8CC70079E50F281A153FC /* [CP] Check Pods Manifest.lock */,
				F44A99ED1FFF061E003945F7 /* Sources */,
				F44A99EE1FFF061E003945F7 /* Frameworks */,
				F44A99EF1FFF061E003945F7 /* Resources */,
				61D60F4418C10DBF482C0D0B /* [CP] Embed Pods Frameworks */,
				3489DB8A8A14225092A1103A /* [CP] Copy Pods Resources */,
			);
			buildRules = (
			);
			dependencies = (
				F44A99F31FFF061E003945F7 /* PBXTargetDependency */,
			);
			name = FirebaseChatUITests;
			productName = FirebaseChatUITests;
			productReference = F44A99F11FFF061E003945F7 /* FirebaseChatUITests.xctest */;
			productType = "com.apple.product-type.bundle.ui-testing";
		};
/* End PBXNativeTarget section */

/* Begin PBXProject section */
		F44A99CA1FFF061D003945F7 /* Project object */ = {
			isa = PBXProject;
			attributes = {
				LastSwiftUpdateCheck = 0920;
				LastUpgradeCheck = 0920;
				ORGANIZATIONNAME = "Eric Labaci";
				TargetAttributes = {
					F44A99D11FFF061D003945F7 = {
						CreatedOnToolsVersion = 9.2;
						ProvisioningStyle = Automatic;
					};
					F44A99E51FFF061E003945F7 = {
						CreatedOnToolsVersion = 9.2;
						ProvisioningStyle = Automatic;
						TestTargetID = F44A99D11FFF061D003945F7;
					};
					F44A99F01FFF061E003945F7 = {
						CreatedOnToolsVersion = 9.2;
						ProvisioningStyle = Automatic;
						TestTargetID = F44A99D11FFF061D003945F7;
					};
				};
			};
			buildConfigurationList = F44A99CD1FFF061D003945F7 /* Build configuration list for PBXProject "FirebaseChat" */;
			compatibilityVersion = "Xcode 8.0";
			developmentRegion = en;
			hasScannedForEncodings = 0;
			knownRegions = (
				en,
				Base,
			);
			mainGroup = F44A99C91FFF061D003945F7;
			productRefGroup = F44A99D31FFF061D003945F7 /* Products */;
			projectDirPath = "";
			projectRoot = "";
			targets = (
				F44A99D11FFF061D003945F7 /* FirebaseChat */,
				F44A99E51FFF061E003945F7 /* FirebaseChatTests */,
				F44A99F01FFF061E003945F7 /* FirebaseChatUITests */,
			);
		};
/* End PBXProject section */

/* Begin PBXResourcesBuildPhase section */
		F44A99D01FFF061D003945F7 /* Resources */ = {
			isa = PBXResourcesBuildPhase;
			buildActionMask = 2147483647;
			files = (
				F44A99E01FFF061D003945F7 /* LaunchScreen.storyboard in Resources */,
				F44A99DD1FFF061D003945F7 /* Assets.xcassets in Resources */,
				F44A99DB1FFF061D003945F7 /* Main.storyboard in Resources */,
			);
			runOnlyForDeploymentPostprocessing = 0;
		};
		F44A99E41FFF061E003945F7 /* Resources */ = {
			isa = PBXResourcesBuildPhase;
			buildActionMask = 2147483647;
			files = (
			);
			runOnlyForDeploymentPostprocessing = 0;
		};
		F44A99EF1FFF061E003945F7 /* Resources */ = {
			isa = PBXResourcesBuildPhase;
			buildActionMask = 2147483647;
			files = (
			);
			runOnlyForDeploymentPostprocessing = 0;
		};
/* End PBXResourcesBuildPhase section */

/* Begin PBXShellScriptBuildPhase section */
		32A8CC70079E50F281A153FC /* [CP] Check Pods Manifest.lock */ = {
			isa = PBXShellScriptBuildPhase;
			buildActionMask = 2147483647;
			files = (
			);
			inputPaths = (
				"${PODS_PODFILE_DIR_PATH}/Podfile.lock",
				"${PODS_ROOT}/Manifest.lock",
			);
			name = "[CP] Check Pods Manifest.lock";
			outputPaths = (
				"$(DERIVED_FILE_DIR)/Pods-FirebaseChatUITests-checkManifestLockResult.txt",
			);
			runOnlyForDeploymentPostprocessing = 0;
			shellPath = /bin/sh;
			shellScript = "diff \"${PODS_PODFILE_DIR_PATH}/Podfile.lock\" \"${PODS_ROOT}/Manifest.lock\" > /dev/null\nif [ $? != 0 ] ; then\n    # print error to STDERR\n    echo \"error: The sandbox is not in sync with the Podfile.lock. Run 'pod install' or update your CocoaPods installation.\" >&2\n    exit 1\nfi\n# This output is used by Xcode 'outputs' to avoid re-running this script phase.\necho \"SUCCESS\" > \"${SCRIPT_OUTPUT_FILE_0}\"\n";
			showEnvVarsInLog = 0;
		};
		336762A365700483E074F128 /* [CP] Copy Pods Resources */ = {
			isa = PBXShellScriptBuildPhase;
			buildActionMask = 2147483647;
			files = (
			);
			inputPaths = (
				"${SRCROOT}/Pods/Target Support Files/Pods-FirebaseChat/Pods-FirebaseChat-resources.sh",
				"${PODS_ROOT}/GoogleSignIn/Resources/GoogleSignIn.bundle",
			);
			name = "[CP] Copy Pods Resources";
			outputPaths = (
				"${TARGET_BUILD_DIR}/${UNLOCALIZED_RESOURCES_FOLDER_PATH}",
			);
			runOnlyForDeploymentPostprocessing = 0;
			shellPath = /bin/sh;
			shellScript = "\"${SRCROOT}/Pods/Target Support Files/Pods-FirebaseChat/Pods-FirebaseChat-resources.sh\"\n";
			showEnvVarsInLog = 0;
		};
		3489DB8A8A14225092A1103A /* [CP] Copy Pods Resources */ = {
			isa = PBXShellScriptBuildPhase;
			buildActionMask = 2147483647;
			files = (
			);
			inputPaths = (
			);
			name = "[CP] Copy Pods Resources";
			outputPaths = (
			);
			runOnlyForDeploymentPostprocessing = 0;
			shellPath = /bin/sh;
			shellScript = "\"${SRCROOT}/Pods/Target Support Files/Pods-FirebaseChatUITests/Pods-FirebaseChatUITests-resources.sh\"\n";
			showEnvVarsInLog = 0;
		};
		3B49EA7CBA010213B6C3B137 /* [CP] Embed Pods Frameworks */ = {
			isa = PBXShellScriptBuildPhase;
			buildActionMask = 2147483647;
			files = (
			);
			inputPaths = (
			);
			name = "[CP] Embed Pods Frameworks";
			outputPaths = (
			);
			runOnlyForDeploymentPostprocessing = 0;
			shellPath = /bin/sh;
			shellScript = "\"${SRCROOT}/Pods/Target Support Files/Pods-FirebaseChatTests/Pods-FirebaseChatTests-frameworks.sh\"\n";
			showEnvVarsInLog = 0;
		};
		61D60F4418C10DBF482C0D0B /* [CP] Embed Pods Frameworks */ = {
			isa = PBXShellScriptBuildPhase;
			buildActionMask = 2147483647;
			files = (
			);
			inputPaths = (
			);
			name = "[CP] Embed Pods Frameworks";
			outputPaths = (
			);
			runOnlyForDeploymentPostprocessing = 0;
			shellPath = /bin/sh;
			shellScript = "\"${SRCROOT}/Pods/Target Support Files/Pods-FirebaseChatUITests/Pods-FirebaseChatUITests-frameworks.sh\"\n";
			showEnvVarsInLog = 0;
		};
		67EDEFDC72C1E2C2B57DDFFD /* [CP] Check Pods Manifest.lock */ = {
			isa = PBXShellScriptBuildPhase;
			buildActionMask = 2147483647;
			files = (
			);
			inputPaths = (
				"${PODS_PODFILE_DIR_PATH}/Podfile.lock",
				"${PODS_ROOT}/Manifest.lock",
			);
			name = "[CP] Check Pods Manifest.lock";
			outputPaths = (
				"$(DERIVED_FILE_DIR)/Pods-FirebaseChatTests-checkManifestLockResult.txt",
			);
			runOnlyForDeploymentPostprocessing = 0;
			shellPath = /bin/sh;
			shellScript = "diff \"${PODS_PODFILE_DIR_PATH}/Podfile.lock\" \"${PODS_ROOT}/Manifest.lock\" > /dev/null\nif [ $? != 0 ] ; then\n    # print error to STDERR\n    echo \"error: The sandbox is not in sync with the Podfile.lock. Run 'pod install' or update your CocoaPods installation.\" >&2\n    exit 1\nfi\n# This output is used by Xcode 'outputs' to avoid re-running this script phase.\necho \"SUCCESS\" > \"${SCRIPT_OUTPUT_FILE_0}\"\n";
			showEnvVarsInLog = 0;
		};
		71BF5BF01244F80DC91D52A1 /* [CP] Embed Pods Frameworks */ = {
			isa = PBXShellScriptBuildPhase;
			buildActionMask = 2147483647;
			files = (
			);
			inputPaths = (
				"${SRCROOT}/Pods/Target Support Files/Pods-FirebaseChat/Pods-FirebaseChat-frameworks.sh",
				"${BUILT_PRODUCTS_DIR}/GTMOAuth2/GTMOAuth2.framework",
				"${BUILT_PRODUCTS_DIR}/GTMSessionFetcher/GTMSessionFetcher.framework",
				"${BUILT_PRODUCTS_DIR}/GoogleToolboxForMac/GoogleToolboxForMac.framework",
				"${BUILT_PRODUCTS_DIR}/PINCache/PINCache.framework",
				"${BUILT_PRODUCTS_DIR}/PINOperation/PINOperation.framework",
				"${BUILT_PRODUCTS_DIR}/PINRemoteImage/PINRemoteImage.framework",
				"${BUILT_PRODUCTS_DIR}/Texture/AsyncDisplayKit.framework",
				"${BUILT_PRODUCTS_DIR}/leveldb-library/leveldb.framework",
				"${BUILT_PRODUCTS_DIR}/nanopb/nanopb.framework",
			);
			name = "[CP] Embed Pods Frameworks";
			outputPaths = (
				"${TARGET_BUILD_DIR}/${FRAMEWORKS_FOLDER_PATH}/GTMOAuth2.framework",
				"${TARGET_BUILD_DIR}/${FRAMEWORKS_FOLDER_PATH}/GTMSessionFetcher.framework",
				"${TARGET_BUILD_DIR}/${FRAMEWORKS_FOLDER_PATH}/GoogleToolboxForMac.framework",
				"${TARGET_BUILD_DIR}/${FRAMEWORKS_FOLDER_PATH}/PINCache.framework",
				"${TARGET_BUILD_DIR}/${FRAMEWORKS_FOLDER_PATH}/PINOperation.framework",
				"${TARGET_BUILD_DIR}/${FRAMEWORKS_FOLDER_PATH}/PINRemoteImage.framework",
				"${TARGET_BUILD_DIR}/${FRAMEWORKS_FOLDER_PATH}/AsyncDisplayKit.framework",
				"${TARGET_BUILD_DIR}/${FRAMEWORKS_FOLDER_PATH}/leveldb.framework",
				"${TARGET_BUILD_DIR}/${FRAMEWORKS_FOLDER_PATH}/nanopb.framework",
			);
			runOnlyForDeploymentPostprocessing = 0;
			shellPath = /bin/sh;
			shellScript = "\"${SRCROOT}/Pods/Target Support Files/Pods-FirebaseChat/Pods-FirebaseChat-frameworks.sh\"\n";
			showEnvVarsInLog = 0;
		};
		78C2319E92CA094E65645773 /* [CP] Check Pods Manifest.lock */ = {
			isa = PBXShellScriptBuildPhase;
			buildActionMask = 2147483647;
			files = (
			);
			inputPaths = (
				"${PODS_PODFILE_DIR_PATH}/Podfile.lock",
				"${PODS_ROOT}/Manifest.lock",
			);
			name = "[CP] Check Pods Manifest.lock";
			outputPaths = (
				"$(DERIVED_FILE_DIR)/Pods-FirebaseChat-checkManifestLockResult.txt",
			);
			runOnlyForDeploymentPostprocessing = 0;
			shellPath = /bin/sh;
			shellScript = "diff \"${PODS_PODFILE_DIR_PATH}/Podfile.lock\" \"${PODS_ROOT}/Manifest.lock\" > /dev/null\nif [ $? != 0 ] ; then\n    # print error to STDERR\n    echo \"error: The sandbox is not in sync with the Podfile.lock. Run 'pod install' or update your CocoaPods installation.\" >&2\n    exit 1\nfi\n# This output is used by Xcode 'outputs' to avoid re-running this script phase.\necho \"SUCCESS\" > \"${SCRIPT_OUTPUT_FILE_0}\"\n";
			showEnvVarsInLog = 0;
		};
		95C8C8472BD86C0074EA2395 /* [CP] Copy Pods Resources */ = {
			isa = PBXShellScriptBuildPhase;
			buildActionMask = 2147483647;
			files = (
			);
			inputPaths = (
			);
			name = "[CP] Copy Pods Resources";
			outputPaths = (
			);
			runOnlyForDeploymentPostprocessing = 0;
			shellPath = /bin/sh;
			shellScript = "\"${SRCROOT}/Pods/Target Support Files/Pods-FirebaseChatTests/Pods-FirebaseChatTests-resources.sh\"\n";
			showEnvVarsInLog = 0;
		};
/* End PBXShellScriptBuildPhase section */

/* Begin PBXSourcesBuildPhase section */
		F44A99CE1FFF061D003945F7 /* Sources */ = {
			isa = PBXSourcesBuildPhase;
			buildActionMask = 2147483647;
			files = (
				F44A99D81FFF061D003945F7 /* ViewController.swift in Sources */,
				F44A99D61FFF061D003945F7 /* AppDelegate.swift in Sources */,
			);
			runOnlyForDeploymentPostprocessing = 0;
		};
		F44A99E21FFF061E003945F7 /* Sources */ = {
			isa = PBXSourcesBuildPhase;
			buildActionMask = 2147483647;
			files = (
				F44A99EB1FFF061E003945F7 /* FirebaseChatTests.swift in Sources */,
			);
			runOnlyForDeploymentPostprocessing = 0;
		};
		F44A99ED1FFF061E003945F7 /* Sources */ = {
			isa = PBXSourcesBuildPhase;
			buildActionMask = 2147483647;
			files = (
				F44A99F61FFF061E003945F7 /* FirebaseChatUITests.swift in Sources */,
			);
			runOnlyForDeploymentPostprocessing = 0;
		};
/* End PBXSourcesBuildPhase section */

/* Begin PBXTargetDependency section */
		F44A99E81FFF061E003945F7 /* PBXTargetDependency */ = {
			isa = PBXTargetDependency;
			target = F44A99D11FFF061D003945F7 /* FirebaseChat */;
			targetProxy = F44A99E71FFF061E003945F7 /* PBXContainerItemProxy */;
		};
		F44A99F31FFF061E003945F7 /* PBXTargetDependency */ = {
			isa = PBXTargetDependency;
			target = F44A99D11FFF061D003945F7 /* FirebaseChat */;
			targetProxy = F44A99F21FFF061E003945F7 /* PBXContainerItemProxy */;
		};
/* End PBXTargetDependency section */

/* Begin PBXVariantGroup section */
		F44A99D91FFF061D003945F7 /* Main.storyboard */ = {
			isa = PBXVariantGroup;
			children = (
				F44A99DA1FFF061D003945F7 /* Base */,
			);
			name = Main.storyboard;
			sourceTree = "<group>";
		};
		F44A99DE1FFF061D003945F7 /* LaunchScreen.storyboard */ = {
			isa = PBXVariantGroup;
			children = (
				F44A99DF1FFF061D003945F7 /* Base */,
			);
			name = LaunchScreen.storyboard;
			sourceTree = "<group>";
		};
/* End PBXVariantGroup section */

/* Begin XCBuildConfiguration section */
		F44A99F81FFF061E003945F7 /* Debug */ = {
			isa = XCBuildConfiguration;
			buildSettings = {
				ALWAYS_SEARCH_USER_PATHS = NO;
				CLANG_ANALYZER_NONNULL = YES;
				CLANG_ANALYZER_NUMBER_OBJECT_CONVERSION = YES_AGGRESSIVE;
				CLANG_CXX_LANGUAGE_STANDARD = "gnu++14";
				CLANG_CXX_LIBRARY = "libc++";
				CLANG_ENABLE_MODULES = YES;
				CLANG_ENABLE_OBJC_ARC = YES;
				CLANG_WARN_BLOCK_CAPTURE_AUTORELEASING = YES;
				CLANG_WARN_BOOL_CONVERSION = YES;
				CLANG_WARN_COMMA = YES;
				CLANG_WARN_CONSTANT_CONVERSION = YES;
				CLANG_WARN_DIRECT_OBJC_ISA_USAGE = YES_ERROR;
				CLANG_WARN_DOCUMENTATION_COMMENTS = YES;
				CLANG_WARN_EMPTY_BODY = YES;
				CLANG_WARN_ENUM_CONVERSION = YES;
				CLANG_WARN_INFINITE_RECURSION = YES;
				CLANG_WARN_INT_CONVERSION = YES;
				CLANG_WARN_NON_LITERAL_NULL_CONVERSION = YES;
				CLANG_WARN_OBJC_LITERAL_CONVERSION = YES;
				CLANG_WARN_OBJC_ROOT_CLASS = YES_ERROR;
				CLANG_WARN_RANGE_LOOP_ANALYSIS = YES;
				CLANG_WARN_STRICT_PROTOTYPES = YES;
				CLANG_WARN_SUSPICIOUS_MOVE = YES;
				CLANG_WARN_UNGUARDED_AVAILABILITY = YES_AGGRESSIVE;
				CLANG_WARN_UNREACHABLE_CODE = YES;
				CLANG_WARN__DUPLICATE_METHOD_MATCH = YES;
				CODE_SIGN_IDENTITY = "iPhone Developer";
				COPY_PHASE_STRIP = NO;
				DEBUG_INFORMATION_FORMAT = dwarf;
				ENABLE_STRICT_OBJC_MSGSEND = YES;
				ENABLE_TESTABILITY = YES;
				GCC_C_LANGUAGE_STANDARD = gnu11;
				GCC_DYNAMIC_NO_PIC = NO;
				GCC_NO_COMMON_BLOCKS = YES;
				GCC_OPTIMIZATION_LEVEL = 0;
				GCC_PREPROCESSOR_DEFINITIONS = (
					"DEBUG=1",
					"$(inherited)",
				);
				GCC_WARN_64_TO_32_BIT_CONVERSION = YES;
				GCC_WARN_ABOUT_RETURN_TYPE = YES_ERROR;
				GCC_WARN_UNDECLARED_SELECTOR = YES;
				GCC_WARN_UNINITIALIZED_AUTOS = YES_AGGRESSIVE;
				GCC_WARN_UNUSED_FUNCTION = YES;
				GCC_WARN_UNUSED_VARIABLE = YES;
				IPHONEOS_DEPLOYMENT_TARGET = 11.2;
				MTL_ENABLE_DEBUG_INFO = YES;
				ONLY_ACTIVE_ARCH = YES;
				SDKROOT = iphoneos;
				SWIFT_ACTIVE_COMPILATION_CONDITIONS = DEBUG;
				SWIFT_OPTIMIZATION_LEVEL = "-Onone";
			};
			name = Debug;
		};
		F44A99F91FFF061E003945F7 /* Release */ = {
			isa = XCBuildConfiguration;
			buildSettings = {
				ALWAYS_SEARCH_USER_PATHS = NO;
				CLANG_ANALYZER_NONNULL = YES;
				CLANG_ANALYZER_NUMBER_OBJECT_CONVERSION = YES_AGGRESSIVE;
				CLANG_CXX_LANGUAGE_STANDARD = "gnu++14";
				CLANG_CXX_LIBRARY = "libc++";
				CLANG_ENABLE_MODULES = YES;
				CLANG_ENABLE_OBJC_ARC = YES;
				CLANG_WARN_BLOCK_CAPTURE_AUTORELEASING = YES;
				CLANG_WARN_BOOL_CONVERSION = YES;
				CLANG_WARN_COMMA = YES;
				CLANG_WARN_CONSTANT_CONVERSION = YES;
				CLANG_WARN_DIRECT_OBJC_ISA_USAGE = YES_ERROR;
				CLANG_WARN_DOCUMENTATION_COMMENTS = YES;
				CLANG_WARN_EMPTY_BODY = YES;
				CLANG_WARN_ENUM_CONVERSION = YES;
				CLANG_WARN_INFINITE_RECURSION = YES;
				CLANG_WARN_INT_CONVERSION = YES;
				CLANG_WARN_NON_LITERAL_NULL_CONVERSION = YES;
				CLANG_WARN_OBJC_LITERAL_CONVERSION = YES;
				CLANG_WARN_OBJC_ROOT_CLASS = YES_ERROR;
				CLANG_WARN_RANGE_LOOP_ANALYSIS = YES;
				CLANG_WARN_STRICT_PROTOTYPES = YES;
				CLANG_WARN_SUSPICIOUS_MOVE = YES;
				CLANG_WARN_UNGUARDED_AVAILABILITY = YES_AGGRESSIVE;
				CLANG_WARN_UNREACHABLE_CODE = YES;
				CLANG_WARN__DUPLICATE_METHOD_MATCH = YES;
				CODE_SIGN_IDENTITY = "iPhone Developer";
				COPY_PHASE_STRIP = NO;
				DEBUG_INFORMATION_FORMAT = "dwarf-with-dsym";
				ENABLE_NS_ASSERTIONS = NO;
				ENABLE_STRICT_OBJC_MSGSEND = YES;
				GCC_C_LANGUAGE_STANDARD = gnu11;
				GCC_NO_COMMON_BLOCKS = YES;
				GCC_WARN_64_TO_32_BIT_CONVERSION = YES;
				GCC_WARN_ABOUT_RETURN_TYPE = YES_ERROR;
				GCC_WARN_UNDECLARED_SELECTOR = YES;
				GCC_WARN_UNINITIALIZED_AUTOS = YES_AGGRESSIVE;
				GCC_WARN_UNUSED_FUNCTION = YES;
				GCC_WARN_UNUSED_VARIABLE = YES;
				IPHONEOS_DEPLOYMENT_TARGET = 11.2;
				MTL_ENABLE_DEBUG_INFO = NO;
				SDKROOT = iphoneos;
				SWIFT_OPTIMIZATION_LEVEL = "-Owholemodule";
				VALIDATE_PRODUCT = YES;
			};
			name = Release;
		};
		F44A99FB1FFF061E003945F7 /* Debug */ = {
			isa = XCBuildConfiguration;
			baseConfigurationReference = A29EF6636A0EDB1BB4AA69FC /* Pods-FirebaseChat.debug.xcconfig */;
			buildSettings = {
				ASSETCATALOG_COMPILER_APPICON_NAME = AppIcon;
				CODE_SIGN_STYLE = Automatic;
				DEVELOPMENT_TEAM = 2DB2T6HKRU;
				INFOPLIST_FILE = FirebaseChat/Info.plist;
				IPHONEOS_DEPLOYMENT_TARGET = 10.0;
				LD_RUNPATH_SEARCH_PATHS = "$(inherited) @executable_path/Frameworks";
				PRODUCT_BUNDLE_IDENTIFIER = ericlabaci.FirebaseChat;
				PRODUCT_NAME = "$(TARGET_NAME)";
				SWIFT_VERSION = 4.0;
				TARGETED_DEVICE_FAMILY = 1;
			};
			name = Debug;
		};
		F44A99FC1FFF061E003945F7 /* Release */ = {
			isa = XCBuildConfiguration;
			baseConfigurationReference = 3FCD830057E58B97F1B90266 /* Pods-FirebaseChat.release.xcconfig */;
			buildSettings = {
				ASSETCATALOG_COMPILER_APPICON_NAME = AppIcon;
				CODE_SIGN_STYLE = Automatic;
				DEVELOPMENT_TEAM = 2DB2T6HKRU;
				INFOPLIST_FILE = FirebaseChat/Info.plist;
				IPHONEOS_DEPLOYMENT_TARGET = 10.0;
				LD_RUNPATH_SEARCH_PATHS = "$(inherited) @executable_path/Frameworks";
				PRODUCT_BUNDLE_IDENTIFIER = ericlabaci.FirebaseChat;
				PRODUCT_NAME = "$(TARGET_NAME)";
				SWIFT_VERSION = 4.0;
				TARGETED_DEVICE_FAMILY = 1;
			};
			name = Release;
		};
		F44A99FE1FFF061E003945F7 /* Debug */ = {
			isa = XCBuildConfiguration;
			baseConfigurationReference = 26D8881B9D3816FC80F49523 /* Pods-FirebaseChatTests.debug.xcconfig */;
			buildSettings = {
				ALWAYS_EMBED_SWIFT_STANDARD_LIBRARIES = YES;
				BUNDLE_LOADER = "$(TEST_HOST)";
				CODE_SIGN_STYLE = Automatic;
				DEVELOPMENT_TEAM = 2DB2T6HKRU;
				INFOPLIST_FILE = FirebaseChatTests/Info.plist;
				LD_RUNPATH_SEARCH_PATHS = "$(inherited) @executable_path/Frameworks @loader_path/Frameworks";
				PRODUCT_BUNDLE_IDENTIFIER = ericlabaci.FirebaseChatTests;
				PRODUCT_NAME = "$(TARGET_NAME)";
				SWIFT_VERSION = 4.0;
				TARGETED_DEVICE_FAMILY = "1,2";
				TEST_HOST = "$(BUILT_PRODUCTS_DIR)/FirebaseChat.app/FirebaseChat";
			};
			name = Debug;
		};
		F44A99FF1FFF061E003945F7 /* Release */ = {
			isa = XCBuildConfiguration;
			baseConfigurationReference = 78F569C9447FA96045567D68 /* Pods-FirebaseChatTests.release.xcconfig */;
			buildSettings = {
				ALWAYS_EMBED_SWIFT_STANDARD_LIBRARIES = YES;
				BUNDLE_LOADER = "$(TEST_HOST)";
				CODE_SIGN_STYLE = Automatic;
				DEVELOPMENT_TEAM = 2DB2T6HKRU;
				INFOPLIST_FILE = FirebaseChatTests/Info.plist;
				LD_RUNPATH_SEARCH_PATHS = "$(inherited) @executable_path/Frameworks @loader_path/Frameworks";
				PRODUCT_BUNDLE_IDENTIFIER = ericlabaci.FirebaseChatTests;
				PRODUCT_NAME = "$(TARGET_NAME)";
				SWIFT_VERSION = 4.0;
				TARGETED_DEVICE_FAMILY = "1,2";
				TEST_HOST = "$(BUILT_PRODUCTS_DIR)/FirebaseChat.app/FirebaseChat";
			};
			name = Release;
		};
		F44A9A011FFF061E003945F7 /* Debug */ = {
			isa = XCBuildConfiguration;
			baseConfigurationReference = 69BEFD218370BC08B73BCF05 /* Pods-FirebaseChatUITests.debug.xcconfig */;
			buildSettings = {
				ALWAYS_EMBED_SWIFT_STANDARD_LIBRARIES = YES;
				CODE_SIGN_STYLE = Automatic;
				DEVELOPMENT_TEAM = 2DB2T6HKRU;
				INFOPLIST_FILE = FirebaseChatUITests/Info.plist;
				LD_RUNPATH_SEARCH_PATHS = "$(inherited) @executable_path/Frameworks @loader_path/Frameworks";
				PRODUCT_BUNDLE_IDENTIFIER = ericlabaci.FirebaseChatUITests;
				PRODUCT_NAME = "$(TARGET_NAME)";
				SWIFT_VERSION = 4.0;
				TARGETED_DEVICE_FAMILY = "1,2";
				TEST_TARGET_NAME = FirebaseChat;
			};
			name = Debug;
		};
		F44A9A021FFF061E003945F7 /* Release */ = {
			isa = XCBuildConfiguration;
			baseConfigurationReference = 4BC6FE6830B3CC4AA0DBE533 /* Pods-FirebaseChatUITests.release.xcconfig */;
			buildSettings = {
				ALWAYS_EMBED_SWIFT_STANDARD_LIBRARIES = YES;
				CODE_SIGN_STYLE = Automatic;
				DEVELOPMENT_TEAM = 2DB2T6HKRU;
				INFOPLIST_FILE = FirebaseChatUITests/Info.plist;
				LD_RUNPATH_SEARCH_PATHS = "$(inherited) @executable_path/Frameworks @loader_path/Frameworks";
				PRODUCT_BUNDLE_IDENTIFIER = ericlabaci.FirebaseChatUITests;
				PRODUCT_NAME = "$(TARGET_NAME)";
				SWIFT_VERSION = 4.0;
				TARGETED_DEVICE_FAMILY = "1,2";
				TEST_TARGET_NAME = FirebaseChat;
			};
			name = Release;
		};
/* End XCBuildConfiguration section */

/* Begin XCConfigurationList section */
		F44A99CD1FFF061D003945F7 /* Build configuration list for PBXProject "FirebaseChat" */ = {
			isa = XCConfigurationList;
			buildConfigurations = (
				F44A99F81FFF061E003945F7 /* Debug */,
				F44A99F91FFF061E003945F7 /* Release */,
			);
			defaultConfigurationIsVisible = 0;
			defaultConfigurationName = Release;
		};
		F44A99FA1FFF061E003945F7 /* Build configuration list for PBXNativeTarget "FirebaseChat" */ = {
			isa = XCConfigurationList;
			buildConfigurations = (
				F44A99FB1FFF061E003945F7 /* Debug */,
				F44A99FC1FFF061E003945F7 /* Release */,
			);
			defaultConfigurationIsVisible = 0;
			defaultConfigurationName = Release;
		};
		F44A99FD1FFF061E003945F7 /* Build configuration list for PBXNativeTarget "FirebaseChatTests" */ = {
			isa = XCConfigurationList;
			buildConfigurations = (
				F44A99FE1FFF061E003945F7 /* Debug */,
				F44A99FF1FFF061E003945F7 /* Release */,
			);
			defaultConfigurationIsVisible = 0;
			defaultConfigurationName = Release;
		};
		F44A9A001FFF061E003945F7 /* Build configuration list for PBXNativeTarget "FirebaseChatUITests" */ = {
			isa = XCConfigurationList;
			buildConfigurations = (
				F44A9A011FFF061E003945F7 /* Debug */,
				F44A9A021FFF061E003945F7 /* Release */,
			);
			defaultConfigurationIsVisible = 0;
			defaultConfigurationName = Release;
		};
/* End XCConfigurationList section */
	};
	rootObject = F44A99CA1FFF061D003945F7 /* Project object */;
}
